
Microsoft Visual Studio Solution File, Format Version 12.00
# Visual Studio Version 16
VisualStudioVersion = 16.0.30104.148
MinimumVisualStudioVersion = 10.0.40219.1
Project("{FAE04EC0-301F-11D3-BF4B-00C04F79EFBC}") = "Ex007", "Ex007\Ex007.csproj", "{D8FCE9C4-0964-4E49-BC04-689F91B23064}"
EndProject
Global
	GlobalSection(SolutionConfigurationPlatforms) = preSolution
		Debug|Any CPU = Debug|Any CPU
		Release|Any CPU = Release|Any CPU
	EndGlobalSection
	GlobalSection(ProjectConfigurationPlatforms) = postSolution
		{D8FCE9C4-0964-4E49-BC04-689F91B23064}.Debug|Any CPU.ActiveCfg = Debug|Any CPU
		{D8FCE9C4-0964-4E49-BC04-689F91B23064}.Debug|Any CPU.Build.0 = Debug|Any CPU
		{D8FCE9C4-0964-4E49-BC04-689F91B23064}.Release|Any CPU.ActiveCfg = Release|Any CPU
		{D8FCE9C4-0964-4E49-BC04-689F91B23064}.Release|Any CPU.Build.0 = Release|Any CPU
	EndGlobalSection
	GlobalSection(SolutionProperties) = preSolution
		HideSolutionNode = FALSE
	EndGlobalSection
	GlobalSection(ExtensibilityGlobals) = postSolution
		SolutionGuid = {19A9B68C-A796-4E7F-B6D6-4D0EDECDBD0A}
	EndGlobalSection
EndGlobal
